
Microsoft Visual Studio Solution File, Format Version 12.00
# Visual Studio Version 17
VisualStudioVersion = 17.5.002.0
MinimumVisualStudioVersion = 10.0.40219.1
Project("{9A19103F-16F7-4668-BE54-9A1E7A4F7556}") = "FactoryMethod3", "FactoryMethod3.csproj", "{A80CA781-ED4B-4CE2-B96D-8EA8774CF491}"
EndProject
Global
	GlobalSection(SolutionConfigurationPlatforms) = preSolution
		Debug|Any CPU = Debug|Any CPU
		Release|Any CPU = Release|Any CPU
	EndGlobalSection
	GlobalSection(ProjectConfigurationPlatforms) = postSolution
		{A80CA781-ED4B-4CE2-B96D-8EA8774CF491}.Debug|Any CPU.ActiveCfg = Debug|Any CPU
		{A80CA781-ED4B-4CE2-B96D-8EA8774CF491}.Debug|Any CPU.Build.0 = Debug|Any CPU
		{A80CA781-ED4B-4CE2-B96D-8EA8774CF491}.Release|Any CPU.ActiveCfg = Release|Any CPU
		{A80CA781-ED4B-4CE2-B96D-8EA8774CF491}.Release|Any CPU.Build.0 = Release|Any CPU
	EndGlobalSection
	GlobalSection(SolutionProperties) = preSolution
		HideSolutionNode = FALSE
	EndGlobalSection
	GlobalSection(ExtensibilityGlobals) = postSolution
		SolutionGuid = {152616DB-724A-466B-938F-85F5E824E4BC}
	EndGlobalSection
EndGlobal
